# This file is automatically @generated by Cargo.
# It is not intended for manual editing.
version = 3

[[package]]
name = "_5_7_exercise_fibonacci"
version = "0.1.0"

[[package]]
name = "_6_7_exercise_collatz_sequence"
version = "0.1.0"

[[package]]
name = "_8_4_exercise_nested_arrays"
version = "0.1.0"
