# This file is automatically @generated by Cargo.
# It is not intended for manual editing.
version = 3

[[package]]
name = "_10_6_exercise_elevator_events"
version = "0.1.0"

[[package]]
name = "_12_4_exercise_expression_evaluation"
version = "0.1.0"

[[package]]
name = "_13_4_exercise_generic_logger"
version = "0.1.0"

[[package]]
name = "_14_5_exercise_generic_min"
version = "0.1.0"

[[package]]
name = "_16_8_exercise_counter"
version = "0.1.0"

[[package]]
name = "_5_7_exercise_fibonacci"
version = "0.1.0"

[[package]]
name = "_6_7_exercise_collatz_sequence"
version = "0.1.0"

[[package]]
name = "_8_4_exercise_nested_arrays"
version = "0.1.0"

[[package]]
name = "_9_3_exercise_geometry"
version = "0.1.0"
